
Microsoft Visual Studio Solution File, Format Version 12.00
# Visual Studio Version 16
VisualStudioVersion = 16.0.32413.511
MinimumVisualStudioVersion = 10.0.40219.1
Project("{159641D6-6404-4A2A-AE62-294DE0FE8301}") = "DWBI_Project", "DWBI_Project.dtproj", "{0F0F3BA7-C506-4719-B141-39B9CBF19810}"
EndProject
Global
	GlobalSection(SolutionConfigurationPlatforms) = preSolution
		Development|Default = Development|Default
	EndGlobalSection
	GlobalSection(ProjectConfigurationPlatforms) = postSolution
		{0F0F3BA7-C506-4719-B141-39B9CBF19810}.Development|Default.ActiveCfg = Development
		{0F0F3BA7-C506-4719-B141-39B9CBF19810}.Development|Default.Build.0 = Development
	EndGlobalSection
	GlobalSection(SolutionProperties) = preSolution
		HideSolutionNode = FALSE
	EndGlobalSection
	GlobalSection(ExtensibilityGlobals) = postSolution
		SolutionGuid = {BC697A5C-AA09-4349-BB1E-7CE863C37A69}
	EndGlobalSection
EndGlobal
